
Microsoft Visual Studio Solution File, Format Version 12.00
Project("{FAE04EC0-301F-11D3-BF4B-00C04F79EFBC}") = "Large_Scale CommunityPlatform", "Large_Scale CommunityPlatform\Large_Scale CommunityPlatform.csproj", "{83966597-E642-4EBC-B357-44CDE9D2E080}"
EndProject
Project("{2150E333-8FDC-42A3-9474-1A3956D46DE8}") = "Solution Items", "Solution Items", "{2C7855DB-A0E8-491E-BF61-174A5300F3C0}"
	ProjectSection(SolutionItems) = preProject
		compose.yaml = compose.yaml
	EndProjectSection
EndProject
Global
	GlobalSection(SolutionConfigurationPlatforms) = preSolution
		Debug|Any CPU = Debug|Any CPU
		Release|Any CPU = Release|Any CPU
	EndGlobalSection
	GlobalSection(ProjectConfigurationPlatforms) = postSolution
		{83966597-E642-4EBC-B357-44CDE9D2E080}.Debug|Any CPU.ActiveCfg = Debug|Any CPU
		{83966597-E642-4EBC-B357-44CDE9D2E080}.Debug|Any CPU.Build.0 = Debug|Any CPU
		{83966597-E642-4EBC-B357-44CDE9D2E080}.Release|Any CPU.ActiveCfg = Release|Any CPU
		{83966597-E642-4EBC-B357-44CDE9D2E080}.Release|Any CPU.Build.0 = Release|Any CPU
	EndGlobalSection
EndGlobal
